
Microsoft Visual Studio Solution File, Format Version 12.00
# Visual Studio Version 17
VisualStudioVersion = 17.14.36518.9
MinimumVisualStudioVersion = 10.0.40219.1
Project("{FAE04EC0-301F-11D3-BF4B-00C04F79EFBC}") = "WebApplication1", "WebApplication1\WebApplication1.csproj", "{DCF01AC9-3C6D-4D4E-BA3B-34E83CA22F87}"
EndProject
Project("{FAE04EC0-301F-11D3-BF4B-00C04F79EFBC}") = "Domain", "Domain\Domain.csproj", "{F37216B3-FCD2-445F-9E67-A6D32311F307}"
EndProject
Project("{FAE04EC0-301F-11D3-BF4B-00C04F79EFBC}") = "Infra.Data", "Infra.Data\Infra.Data.csproj", "{048F7119-3C2A-4990-8E22-98FC305D2821}"
EndProject
Project("{FAE04EC0-301F-11D3-BF4B-00C04F79EFBC}") = "Inventory.Tests", "Inventory.Tests\Inventory.Tests.csproj", "{B0DFDC1A-FA81-40C9-A471-CB428EE47AB6}"
EndProject
Global
	GlobalSection(SolutionConfigurationPlatforms) = preSolution
		Debug|Any CPU = Debug|Any CPU
		Release|Any CPU = Release|Any CPU
	EndGlobalSection
	GlobalSection(ProjectConfigurationPlatforms) = postSolution
		{DCF01AC9-3C6D-4D4E-BA3B-34E83CA22F87}.Debug|Any CPU.ActiveCfg = Debug|Any CPU
		{DCF01AC9-3C6D-4D4E-BA3B-34E83CA22F87}.Debug|Any CPU.Build.0 = Debug|Any CPU
		{DCF01AC9-3C6D-4D4E-BA3B-34E83CA22F87}.Release|Any CPU.ActiveCfg = Release|Any CPU
		{DCF01AC9-3C6D-4D4E-BA3B-34E83CA22F87}.Release|Any CPU.Build.0 = Release|Any CPU
		{F37216B3-FCD2-445F-9E67-A6D32311F307}.Debug|Any CPU.ActiveCfg = Debug|Any CPU
		{F37216B3-FCD2-445F-9E67-A6D32311F307}.Debug|Any CPU.Build.0 = Debug|Any CPU
		{F37216B3-FCD2-445F-9E67-A6D32311F307}.Release|Any CPU.ActiveCfg = Release|Any CPU
		{F37216B3-FCD2-445F-9E67-A6D32311F307}.Release|Any CPU.Build.0 = Release|Any CPU
		{048F7119-3C2A-4990-8E22-98FC305D2821}.Debug|Any CPU.ActiveCfg = Debug|Any CPU
		{048F7119-3C2A-4990-8E22-98FC305D2821}.Debug|Any CPU.Build.0 = Debug|Any CPU
		{048F7119-3C2A-4990-8E22-98FC305D2821}.Release|Any CPU.ActiveCfg = Release|Any CPU
		{048F7119-3C2A-4990-8E22-98FC305D2821}.Release|Any CPU.Build.0 = Release|Any CPU
		{B0DFDC1A-FA81-40C9-A471-CB428EE47AB6}.Debug|Any CPU.ActiveCfg = Debug|Any CPU
		{B0DFDC1A-FA81-40C9-A471-CB428EE47AB6}.Debug|Any CPU.Build.0 = Debug|Any CPU
		{B0DFDC1A-FA81-40C9-A471-CB428EE47AB6}.Release|Any CPU.ActiveCfg = Release|Any CPU
		{B0DFDC1A-FA81-40C9-A471-CB428EE47AB6}.Release|Any CPU.Build.0 = Release|Any CPU
	EndGlobalSection
	GlobalSection(SolutionProperties) = preSolution
		HideSolutionNode = FALSE
	EndGlobalSection
	GlobalSection(ExtensibilityGlobals) = postSolution
		SolutionGuid = {7431CFA2-B8FC-4669-B689-A8D3A79F75FA}
	EndGlobalSection
EndGlobal
